
Microsoft Visual Studio Solution File, Format Version 12.00
# Visual Studio Version 17
VisualStudioVersion = 17.4.33213.308
MinimumVisualStudioVersion = 10.0.40219.1
Project("{9A19103F-16F7-4668-BE54-9A1E7A4F7556}") = "BitzArt.Flux", "src\BitzArt.Flux\BitzArt.Flux.csproj", "{FE9CED3F-83D8-43DA-BB05-93F5807F746E}"
EndProject
Project("{2150E333-8FDC-42A3-9474-1A3956D46DE8}") = "tests", "tests", "{A3976FBB-F37A-4468-955D-8B2FCC79ACD0}"
EndProject
Project("{2150E333-8FDC-42A3-9474-1A3956D46DE8}") = "src", "src", "{A0FAE66D-5574-463E-8723-E28ECEE565EE}"
EndProject
Project("{9A19103F-16F7-4668-BE54-9A1E7A4F7556}") = "BitzArt.Flux.Tests", "tests\BitzArt.Flux.Tests\BitzArt.Flux.Tests.csproj", "{AEA2C975-E99C-4E44-B121-0CF3D4956732}"
EndProject
Project("{2150E333-8FDC-42A3-9474-1A3956D46DE8}") = ".github", ".github", "{1CF88BCF-544C-463E-A639-594ADE0A9F15}"
	ProjectSection(SolutionItems) = preProject
		.github\FUNDING.yml = .github\FUNDING.yml
	EndProjectSection
EndProject
Project("{2150E333-8FDC-42A3-9474-1A3956D46DE8}") = "workflows", "workflows", "{ABC1CAE6-C4A2-42AB-8F24-9A32299CC512}"
	ProjectSection(SolutionItems) = preProject
		.github\workflows\Publish Flux.yml = .github\workflows\Publish Flux.yml
		.github\workflows\Tests.yml = .github\workflows\Tests.yml
	EndProjectSection
EndProject
Project("{2150E333-8FDC-42A3-9474-1A3956D46DE8}") = "sample", "sample", "{83E6C753-C4C4-4C4E-8627-E9077F557159}"
EndProject
Project("{2150E333-8FDC-42A3-9474-1A3956D46DE8}") = "sln", "sln", "{9483F0E9-5474-43BF-ABBA-26E43431CF7C}"
	ProjectSection(SolutionItems) = preProject
		.editorconfig = .editorconfig
	EndProjectSection
EndProject
Project("{2150E333-8FDC-42A3-9474-1A3956D46DE8}") = "docs", "docs", "{A2CF3320-C42E-44F5-B88A-2CC29EFB9460}"
	ProjectSection(SolutionItems) = preProject
		docs\book.toml = docs\book.toml
	EndProjectSection
EndProject
Project("{2150E333-8FDC-42A3-9474-1A3956D46DE8}") = "src", "src", "{3122077F-A7F9-4212-97D9-868217EF9D1C}"
	ProjectSection(SolutionItems) = preProject
		docs\src\01.introduction.md = docs\src\01.introduction.md
		docs\src\02.configure.md = docs\src\02.configure.md
		docs\src\03.use.md = docs\src\03.use.md
		docs\src\04.implementations.md = docs\src\04.implementations.md
		docs\src\README.md = docs\src\README.md
		docs\src\SUMMARY.md = docs\src\SUMMARY.md
		docs\src\_config.yml = docs\src\_config.yml
	EndProjectSection
EndProject
Project("{2150E333-8FDC-42A3-9474-1A3956D46DE8}") = "json", "json", "{7B8D8836-126D-4F12-AF45-7D5414F58850}"
	ProjectSection(SolutionItems) = preProject
		docs\src\json\01.introduction.md = docs\src\json\01.introduction.md
		docs\src\json\README.md = docs\src\json\README.md
	EndProjectSection
EndProject
Project("{2150E333-8FDC-42A3-9474-1A3956D46DE8}") = "rest", "rest", "{4E6BDC28-D997-43B7-B0DE-C676636669FE}"
	ProjectSection(SolutionItems) = preProject
		docs\src\rest\01.introduction.md = docs\src\rest\01.introduction.md
		docs\src\rest\02.endpoints.md = docs\src\rest\02.endpoints.md
		docs\src\rest\03.variables.md = docs\src\rest\03.variables.md
		docs\src\rest\04.pagination.md = docs\src\rest\04.pagination.md
		docs\src\rest\05.advanced.md = docs\src\rest\05.advanced.md
		docs\src\rest\README.md = docs\src\rest\README.md
	EndProjectSection
EndProject
Project("{2150E333-8FDC-42A3-9474-1A3956D46DE8}") = "theme", "theme", "{D6F7155D-4BB7-4251-8C92-795F8A9F332D}"
	ProjectSection(SolutionItems) = preProject
		docs\theme\favicon.png = docs\theme\favicon.png
	EndProjectSection
EndProject
Project("{2150E333-8FDC-42A3-9474-1A3956D46DE8}") = "REST", "REST", "{02EA681E-C7D8-13C7-8484-4AC65E1B71E8}"
EndProject
Project("{FAE04EC0-301F-11D3-BF4B-00C04F79EFBC}") = "BitzArt.Flux.REST", "src\REST\BitzArt.Flux.REST\BitzArt.Flux.REST.csproj", "{48F53C5D-3234-48F1-9793-1BF699E1317D}"
EndProject
Project("{2150E333-8FDC-42A3-9474-1A3956D46DE8}") = "REST", "REST", "{FCA838A0-6478-4D67-9B7A-F69F89B23053}"
EndProject
Project("{FAE04EC0-301F-11D3-BF4B-00C04F79EFBC}") = "BitzArt.Flux.REST.Tests", "tests\REST\BitzArt.Flux.REST.Tests\BitzArt.Flux.REST.Tests.csproj", "{CD76FD64-F107-4FCD-7329-92B78DCF6EEE}"
EndProject
Global
	GlobalSection(SolutionConfigurationPlatforms) = preSolution
		Debug|Any CPU = Debug|Any CPU
		Release|Any CPU = Release|Any CPU
	EndGlobalSection
	GlobalSection(ProjectConfigurationPlatforms) = postSolution
		{FE9CED3F-83D8-43DA-BB05-93F5807F746E}.Debug|Any CPU.ActiveCfg = Debug|Any CPU
		{FE9CED3F-83D8-43DA-BB05-93F5807F746E}.Debug|Any CPU.Build.0 = Debug|Any CPU
		{FE9CED3F-83D8-43DA-BB05-93F5807F746E}.Release|Any CPU.ActiveCfg = Release|Any CPU
		{FE9CED3F-83D8-43DA-BB05-93F5807F746E}.Release|Any CPU.Build.0 = Release|Any CPU
		{AEA2C975-E99C-4E44-B121-0CF3D4956732}.Debug|Any CPU.ActiveCfg = Debug|Any CPU
		{AEA2C975-E99C-4E44-B121-0CF3D4956732}.Debug|Any CPU.Build.0 = Debug|Any CPU
		{AEA2C975-E99C-4E44-B121-0CF3D4956732}.Release|Any CPU.ActiveCfg = Release|Any CPU
		{AEA2C975-E99C-4E44-B121-0CF3D4956732}.Release|Any CPU.Build.0 = Release|Any CPU
		{48F53C5D-3234-48F1-9793-1BF699E1317D}.Debug|Any CPU.ActiveCfg = Debug|Any CPU
		{48F53C5D-3234-48F1-9793-1BF699E1317D}.Debug|Any CPU.Build.0 = Debug|Any CPU
		{48F53C5D-3234-48F1-9793-1BF699E1317D}.Release|Any CPU.ActiveCfg = Release|Any CPU
		{48F53C5D-3234-48F1-9793-1BF699E1317D}.Release|Any CPU.Build.0 = Release|Any CPU
		{CD76FD64-F107-4FCD-7329-92B78DCF6EEE}.Debug|Any CPU.ActiveCfg = Debug|Any CPU
		{CD76FD64-F107-4FCD-7329-92B78DCF6EEE}.Debug|Any CPU.Build.0 = Debug|Any CPU
		{CD76FD64-F107-4FCD-7329-92B78DCF6EEE}.Release|Any CPU.ActiveCfg = Release|Any CPU
		{CD76FD64-F107-4FCD-7329-92B78DCF6EEE}.Release|Any CPU.Build.0 = Release|Any CPU
	EndGlobalSection
	GlobalSection(SolutionProperties) = preSolution
		HideSolutionNode = FALSE
	EndGlobalSection
	GlobalSection(NestedProjects) = preSolution
		{FE9CED3F-83D8-43DA-BB05-93F5807F746E} = {A0FAE66D-5574-463E-8723-E28ECEE565EE}
		{AEA2C975-E99C-4E44-B121-0CF3D4956732} = {A3976FBB-F37A-4468-955D-8B2FCC79ACD0}
		{ABC1CAE6-C4A2-42AB-8F24-9A32299CC512} = {1CF88BCF-544C-463E-A639-594ADE0A9F15}
		{3122077F-A7F9-4212-97D9-868217EF9D1C} = {A2CF3320-C42E-44F5-B88A-2CC29EFB9460}
		{7B8D8836-126D-4F12-AF45-7D5414F58850} = {3122077F-A7F9-4212-97D9-868217EF9D1C}
		{4E6BDC28-D997-43B7-B0DE-C676636669FE} = {3122077F-A7F9-4212-97D9-868217EF9D1C}
		{D6F7155D-4BB7-4251-8C92-795F8A9F332D} = {A2CF3320-C42E-44F5-B88A-2CC29EFB9460}
		{02EA681E-C7D8-13C7-8484-4AC65E1B71E8} = {A0FAE66D-5574-463E-8723-E28ECEE565EE}
		{48F53C5D-3234-48F1-9793-1BF699E1317D} = {02EA681E-C7D8-13C7-8484-4AC65E1B71E8}
		{FCA838A0-6478-4D67-9B7A-F69F89B23053} = {A3976FBB-F37A-4468-955D-8B2FCC79ACD0}
		{CD76FD64-F107-4FCD-7329-92B78DCF6EEE} = {FCA838A0-6478-4D67-9B7A-F69F89B23053}
	EndGlobalSection
	GlobalSection(ExtensibilityGlobals) = postSolution
		SolutionGuid = {251D5A13-6C1B-4B0D-A6F5-3B95FF4C0F54}
	EndGlobalSection
EndGlobal
