
Microsoft Visual Studio Solution File, Format Version 12.00
# Visual Studio Version 17
VisualStudioVersion = 17.4.33213.308
MinimumVisualStudioVersion = 10.0.40219.1
Project("{9A19103F-16F7-4668-BE54-9A1E7A4F7556}") = "BitzArt.Flux", "src\BitzArt.Flux\BitzArt.Flux.csproj", "{FE9CED3F-83D8-43DA-BB05-93F5807F746E}"
EndProject
Project("{9A19103F-16F7-4668-BE54-9A1E7A4F7556}") = "BitzArt.Flux.REST", "src\BitzArt.Flux.REST\BitzArt.Flux.REST.csproj", "{E78BC020-AC54-4F92-8628-14EE6FF9EDBF}"
EndProject
Project("{2150E333-8FDC-42A3-9474-1A3956D46DE8}") = "tests", "tests", "{A3976FBB-F37A-4468-955D-8B2FCC79ACD0}"
EndProject
Project("{2150E333-8FDC-42A3-9474-1A3956D46DE8}") = "src", "src", "{A0FAE66D-5574-463E-8723-E28ECEE565EE}"
EndProject
Project("{9A19103F-16F7-4668-BE54-9A1E7A4F7556}") = "BitzArt.Flux.Tests", "tests\BitzArt.Flux.Tests\BitzArt.Flux.Tests.csproj", "{AEA2C975-E99C-4E44-B121-0CF3D4956732}"
EndProject
Project("{9A19103F-16F7-4668-BE54-9A1E7A4F7556}") = "BitzArt.Flux.REST.Tests", "tests\BitzArt.Flux.REST.Tests\BitzArt.Flux.REST.Tests.csproj", "{6A90BCF4-FB3B-4B4A-A992-3D288972B4AF}"
EndProject
Project("{2150E333-8FDC-42A3-9474-1A3956D46DE8}") = ".github", ".github", "{1CF88BCF-544C-463E-A639-594ADE0A9F15}"
	ProjectSection(SolutionItems) = preProject
		.github\FUNDING.yml = .github\FUNDING.yml
	EndProjectSection
EndProject
Project("{2150E333-8FDC-42A3-9474-1A3956D46DE8}") = "workflows", "workflows", "{ABC1CAE6-C4A2-42AB-8F24-9A32299CC512}"
	ProjectSection(SolutionItems) = preProject
		.github\workflows\Publish Flux.yml = .github\workflows\Publish Flux.yml
		.github\workflows\Tests.yml = .github\workflows\Tests.yml
	EndProjectSection
EndProject
Project("{2150E333-8FDC-42A3-9474-1A3956D46DE8}") = "sample", "sample", "{83E6C753-C4C4-4C4E-8627-E9077F557159}"
EndProject
Project("{9A19103F-16F7-4668-BE54-9A1E7A4F7556}") = "BitzArt.Flux.SampleApp", "sample\BitzArt.Flux.SampleApp\BitzArt.Flux.SampleApp.csproj", "{2D85CE63-7FB6-4D97-81EF-44351A94A883}"
EndProject
Global
	GlobalSection(SolutionConfigurationPlatforms) = preSolution
		Debug|Any CPU = Debug|Any CPU
		Release|Any CPU = Release|Any CPU
	EndGlobalSection
	GlobalSection(ProjectConfigurationPlatforms) = postSolution
		{FE9CED3F-83D8-43DA-BB05-93F5807F746E}.Debug|Any CPU.ActiveCfg = Debug|Any CPU
		{FE9CED3F-83D8-43DA-BB05-93F5807F746E}.Debug|Any CPU.Build.0 = Debug|Any CPU
		{FE9CED3F-83D8-43DA-BB05-93F5807F746E}.Release|Any CPU.ActiveCfg = Release|Any CPU
		{FE9CED3F-83D8-43DA-BB05-93F5807F746E}.Release|Any CPU.Build.0 = Release|Any CPU
		{E78BC020-AC54-4F92-8628-14EE6FF9EDBF}.Debug|Any CPU.ActiveCfg = Debug|Any CPU
		{E78BC020-AC54-4F92-8628-14EE6FF9EDBF}.Debug|Any CPU.Build.0 = Debug|Any CPU
		{E78BC020-AC54-4F92-8628-14EE6FF9EDBF}.Release|Any CPU.ActiveCfg = Release|Any CPU
		{E78BC020-AC54-4F92-8628-14EE6FF9EDBF}.Release|Any CPU.Build.0 = Release|Any CPU
		{AEA2C975-E99C-4E44-B121-0CF3D4956732}.Debug|Any CPU.ActiveCfg = Debug|Any CPU
		{AEA2C975-E99C-4E44-B121-0CF3D4956732}.Debug|Any CPU.Build.0 = Debug|Any CPU
		{AEA2C975-E99C-4E44-B121-0CF3D4956732}.Release|Any CPU.ActiveCfg = Release|Any CPU
		{AEA2C975-E99C-4E44-B121-0CF3D4956732}.Release|Any CPU.Build.0 = Release|Any CPU
		{6A90BCF4-FB3B-4B4A-A992-3D288972B4AF}.Debug|Any CPU.ActiveCfg = Debug|Any CPU
		{6A90BCF4-FB3B-4B4A-A992-3D288972B4AF}.Debug|Any CPU.Build.0 = Debug|Any CPU
		{6A90BCF4-FB3B-4B4A-A992-3D288972B4AF}.Release|Any CPU.ActiveCfg = Release|Any CPU
		{6A90BCF4-FB3B-4B4A-A992-3D288972B4AF}.Release|Any CPU.Build.0 = Release|Any CPU
		{2D85CE63-7FB6-4D97-81EF-44351A94A883}.Debug|Any CPU.ActiveCfg = Debug|Any CPU
		{2D85CE63-7FB6-4D97-81EF-44351A94A883}.Debug|Any CPU.Build.0 = Debug|Any CPU
		{2D85CE63-7FB6-4D97-81EF-44351A94A883}.Release|Any CPU.ActiveCfg = Release|Any CPU
		{2D85CE63-7FB6-4D97-81EF-44351A94A883}.Release|Any CPU.Build.0 = Release|Any CPU
	EndGlobalSection
	GlobalSection(SolutionProperties) = preSolution
		HideSolutionNode = FALSE
	EndGlobalSection
	GlobalSection(NestedProjects) = preSolution
		{FE9CED3F-83D8-43DA-BB05-93F5807F746E} = {A0FAE66D-5574-463E-8723-E28ECEE565EE}
		{E78BC020-AC54-4F92-8628-14EE6FF9EDBF} = {A0FAE66D-5574-463E-8723-E28ECEE565EE}
		{AEA2C975-E99C-4E44-B121-0CF3D4956732} = {A3976FBB-F37A-4468-955D-8B2FCC79ACD0}
		{6A90BCF4-FB3B-4B4A-A992-3D288972B4AF} = {A3976FBB-F37A-4468-955D-8B2FCC79ACD0}
		{ABC1CAE6-C4A2-42AB-8F24-9A32299CC512} = {1CF88BCF-544C-463E-A639-594ADE0A9F15}
		{2D85CE63-7FB6-4D97-81EF-44351A94A883} = {83E6C753-C4C4-4C4E-8627-E9077F557159}
	EndGlobalSection
	GlobalSection(ExtensibilityGlobals) = postSolution
		SolutionGuid = {251D5A13-6C1B-4B0D-A6F5-3B95FF4C0F54}
	EndGlobalSection
EndGlobal
