
Microsoft Visual Studio Solution File, Format Version 12.00
# Visual Studio Version 17
VisualStudioVersion = 17.4.33213.308
MinimumVisualStudioVersion = 10.0.40219.1
Project("{9A19103F-16F7-4668-BE54-9A1E7A4F7556}") = "BitzArt.Flux", "src\BitzArt.Flux\BitzArt.Flux.csproj", "{FE9CED3F-83D8-43DA-BB05-93F5807F746E}"
EndProject
Project("{2150E333-8FDC-42A3-9474-1A3956D46DE8}") = "tests", "tests", "{A3976FBB-F37A-4468-955D-8B2FCC79ACD0}"
EndProject
Project("{2150E333-8FDC-42A3-9474-1A3956D46DE8}") = "src", "src", "{A0FAE66D-5574-463E-8723-E28ECEE565EE}"
EndProject
Project("{9A19103F-16F7-4668-BE54-9A1E7A4F7556}") = "BitzArt.Flux.Tests", "tests\BitzArt.Flux.Tests\BitzArt.Flux.Tests.csproj", "{AEA2C975-E99C-4E44-B121-0CF3D4956732}"
EndProject
Project("{2150E333-8FDC-42A3-9474-1A3956D46DE8}") = ".github", ".github", "{1CF88BCF-544C-463E-A639-594ADE0A9F15}"
	ProjectSection(SolutionItems) = preProject
		.github\FUNDING.yml = .github\FUNDING.yml
	EndProjectSection
EndProject
Project("{2150E333-8FDC-42A3-9474-1A3956D46DE8}") = "workflows", "workflows", "{ABC1CAE6-C4A2-42AB-8F24-9A32299CC512}"
	ProjectSection(SolutionItems) = preProject
		.github\workflows\Publish Flux.yml = .github\workflows\Publish Flux.yml
		.github\workflows\Tests.yml = .github\workflows\Tests.yml
	EndProjectSection
EndProject
Project("{2150E333-8FDC-42A3-9474-1A3956D46DE8}") = "sample", "sample", "{83E6C753-C4C4-4C4E-8627-E9077F557159}"
EndProject
Project("{2150E333-8FDC-42A3-9474-1A3956D46DE8}") = "sln", "sln", "{9483F0E9-5474-43BF-ABBA-26E43431CF7C}"
	ProjectSection(SolutionItems) = preProject
		.editorconfig = .editorconfig
	EndProjectSection
EndProject
Project("{2150E333-8FDC-42A3-9474-1A3956D46DE8}") = "docs", "docs", "{A2CF3320-C42E-44F5-B88A-2CC29EFB9460}"
	ProjectSection(SolutionItems) = preProject
		docs\book.toml = docs\book.toml
	EndProjectSection
EndProject
Project("{2150E333-8FDC-42A3-9474-1A3956D46DE8}") = "src", "src", "{3122077F-A7F9-4212-97D9-868217EF9D1C}"
	ProjectSection(SolutionItems) = preProject
		docs\src\01.introduction.md = docs\src\01.introduction.md
		docs\src\02.configure.md = docs\src\02.configure.md
		docs\src\03.use.md = docs\src\03.use.md
		docs\src\04.implementations.md = docs\src\04.implementations.md
		docs\src\README.md = docs\src\README.md
		docs\src\SUMMARY.md = docs\src\SUMMARY.md
		docs\src\_config.yml = docs\src\_config.yml
	EndProjectSection
EndProject
Project("{2150E333-8FDC-42A3-9474-1A3956D46DE8}") = "json", "json", "{7B8D8836-126D-4F12-AF45-7D5414F58850}"
	ProjectSection(SolutionItems) = preProject
		docs\src\json\01.introduction.md = docs\src\json\01.introduction.md
		docs\src\json\README.md = docs\src\json\README.md
	EndProjectSection
EndProject
Project("{2150E333-8FDC-42A3-9474-1A3956D46DE8}") = "rest", "rest", "{4E6BDC28-D997-43B7-B0DE-C676636669FE}"
	ProjectSection(SolutionItems) = preProject
		docs\src\rest\01.introduction.md = docs\src\rest\01.introduction.md
		docs\src\rest\02.endpoints.md = docs\src\rest\02.endpoints.md
		docs\src\rest\03.variables.md = docs\src\rest\03.variables.md
		docs\src\rest\04.pagination.md = docs\src\rest\04.pagination.md
		docs\src\rest\05.advanced.md = docs\src\rest\05.advanced.md
		docs\src\rest\README.md = docs\src\rest\README.md
	EndProjectSection
EndProject
Project("{2150E333-8FDC-42A3-9474-1A3956D46DE8}") = "theme", "theme", "{D6F7155D-4BB7-4251-8C92-795F8A9F332D}"
	ProjectSection(SolutionItems) = preProject
		docs\theme\favicon.png = docs\theme\favicon.png
	EndProjectSection
EndProject
Project("{2150E333-8FDC-42A3-9474-1A3956D46DE8}") = "REST", "REST", "{02EA681E-C7D8-13C7-8484-4AC65E1B71E8}"
EndProject
Project("{FAE04EC0-301F-11D3-BF4B-00C04F79EFBC}") = "BitzArt.Flux.REST", "src\REST\BitzArt.Flux.REST\BitzArt.Flux.REST.csproj", "{48F53C5D-3234-48F1-9793-1BF699E1317D}"
EndProject
Project("{2150E333-8FDC-42A3-9474-1A3956D46DE8}") = "REST", "REST", "{FCA838A0-6478-4D67-9B7A-F69F89B23053}"
EndProject
Project("{FAE04EC0-301F-11D3-BF4B-00C04F79EFBC}") = "BitzArt.Flux.REST.Tests", "tests\REST\BitzArt.Flux.REST.Tests\BitzArt.Flux.REST.Tests.csproj", "{CD76FD64-F107-4FCD-7329-92B78DCF6EEE}"
EndProject
Project("{2150E333-8FDC-42A3-9474-1A3956D46DE8}") = "MudBlazor", "MudBlazor", "{20EE1B69-6E7F-41BE-8B35-8ED159E2A2F5}"
EndProject
Project("{FAE04EC0-301F-11D3-BF4B-00C04F79EFBC}") = "BitzArt.Flux.MudBlazor", "src\MudBlazor\BitzArt.Flux.MudBlazor\BitzArt.Flux.MudBlazor.csproj", "{47C19053-C388-B519-33D8-B1D61022528A}"
EndProject
Project("{2150E333-8FDC-42A3-9474-1A3956D46DE8}") = "MudBlazor", "MudBlazor", "{AE4C3FEB-6459-4169-8CB8-86B8CFBEE8CE}"
EndProject
Project("{FAE04EC0-301F-11D3-BF4B-00C04F79EFBC}") = "BitzArt.Flux.MudBlazor.Tests", "tests\MudBlazor\BitzArt.Flux.MudBlazor.Tests\BitzArt.Flux.MudBlazor.Tests.csproj", "{9C5426D2-99FC-D490-CBFA-B3022A953E0C}"
EndProject
Project("{2150E333-8FDC-42A3-9474-1A3956D46DE8}") = "MudBlazor", "MudBlazor", "{A945B0FD-90F7-4609-92CC-0D61BD9D07AC}"
EndProject
Project("{FAE04EC0-301F-11D3-BF4B-00C04F79EFBC}") = "MudBlazor.SampleApp.Shared", "sample\MudBlazor\MudBlazor.SampleApp.Shared\MudBlazor.SampleApp.Shared.csproj", "{8186A3B9-2CFC-3A89-A13A-642221C9EDEF}"
EndProject
Project("{FAE04EC0-301F-11D3-BF4B-00C04F79EFBC}") = "MudBlazor.SampleApp.Client", "sample\MudBlazor\MudBlazor.SampleApp.Client\MudBlazor.SampleApp.Client.csproj", "{4AC71847-7374-A1C6-5A63-DC9C38604A18}"
EndProject
Project("{FAE04EC0-301F-11D3-BF4B-00C04F79EFBC}") = "MudBlazor.SampleApp", "sample\MudBlazor\MudBlazor.SampleApp\MudBlazor.SampleApp.csproj", "{596D5843-5398-514B-1FBB-AF86587DB290}"
EndProject
Project("{2150E333-8FDC-42A3-9474-1A3956D46DE8}") = "Json", "Json", "{60545FAA-D618-49CA-93DB-8DDB487AE107}"
EndProject
Project("{FAE04EC0-301F-11D3-BF4B-00C04F79EFBC}") = "BitzArt.Flux.Json", "src\Json\BitzArt.Flux.Json\BitzArt.Flux.Json.csproj", "{97AF5810-523C-41B1-B81C-7E4BCCB9E686}"
EndProject
Project("{2150E333-8FDC-42A3-9474-1A3956D46DE8}") = "Json", "Json", "{B45CDBEE-9199-4174-BE11-5D14262BE61A}"
EndProject
Project("{FAE04EC0-301F-11D3-BF4B-00C04F79EFBC}") = "BitzArt.Flux.Json.Tests", "tests\Json\BitzArt.Flux.Json.Tests\BitzArt.Flux.Json.Tests.csproj", "{CB72F992-70CB-488D-8D9C-BB6708FE5E93}"
EndProject
Global
	GlobalSection(SolutionConfigurationPlatforms) = preSolution
		Debug|Any CPU = Debug|Any CPU
		Release|Any CPU = Release|Any CPU
	EndGlobalSection
	GlobalSection(ProjectConfigurationPlatforms) = postSolution
		{FE9CED3F-83D8-43DA-BB05-93F5807F746E}.Debug|Any CPU.ActiveCfg = Debug|Any CPU
		{FE9CED3F-83D8-43DA-BB05-93F5807F746E}.Debug|Any CPU.Build.0 = Debug|Any CPU
		{FE9CED3F-83D8-43DA-BB05-93F5807F746E}.Release|Any CPU.ActiveCfg = Release|Any CPU
		{FE9CED3F-83D8-43DA-BB05-93F5807F746E}.Release|Any CPU.Build.0 = Release|Any CPU
		{AEA2C975-E99C-4E44-B121-0CF3D4956732}.Debug|Any CPU.ActiveCfg = Debug|Any CPU
		{AEA2C975-E99C-4E44-B121-0CF3D4956732}.Debug|Any CPU.Build.0 = Debug|Any CPU
		{AEA2C975-E99C-4E44-B121-0CF3D4956732}.Release|Any CPU.ActiveCfg = Release|Any CPU
		{AEA2C975-E99C-4E44-B121-0CF3D4956732}.Release|Any CPU.Build.0 = Release|Any CPU
		{48F53C5D-3234-48F1-9793-1BF699E1317D}.Debug|Any CPU.ActiveCfg = Debug|Any CPU
		{48F53C5D-3234-48F1-9793-1BF699E1317D}.Debug|Any CPU.Build.0 = Debug|Any CPU
		{48F53C5D-3234-48F1-9793-1BF699E1317D}.Release|Any CPU.ActiveCfg = Release|Any CPU
		{48F53C5D-3234-48F1-9793-1BF699E1317D}.Release|Any CPU.Build.0 = Release|Any CPU
		{CD76FD64-F107-4FCD-7329-92B78DCF6EEE}.Debug|Any CPU.ActiveCfg = Debug|Any CPU
		{CD76FD64-F107-4FCD-7329-92B78DCF6EEE}.Debug|Any CPU.Build.0 = Debug|Any CPU
		{CD76FD64-F107-4FCD-7329-92B78DCF6EEE}.Release|Any CPU.ActiveCfg = Release|Any CPU
		{CD76FD64-F107-4FCD-7329-92B78DCF6EEE}.Release|Any CPU.Build.0 = Release|Any CPU
		{47C19053-C388-B519-33D8-B1D61022528A}.Debug|Any CPU.ActiveCfg = Debug|Any CPU
		{47C19053-C388-B519-33D8-B1D61022528A}.Debug|Any CPU.Build.0 = Debug|Any CPU
		{47C19053-C388-B519-33D8-B1D61022528A}.Release|Any CPU.ActiveCfg = Release|Any CPU
		{47C19053-C388-B519-33D8-B1D61022528A}.Release|Any CPU.Build.0 = Release|Any CPU
		{9C5426D2-99FC-D490-CBFA-B3022A953E0C}.Debug|Any CPU.ActiveCfg = Debug|Any CPU
		{9C5426D2-99FC-D490-CBFA-B3022A953E0C}.Debug|Any CPU.Build.0 = Debug|Any CPU
		{9C5426D2-99FC-D490-CBFA-B3022A953E0C}.Release|Any CPU.ActiveCfg = Release|Any CPU
		{9C5426D2-99FC-D490-CBFA-B3022A953E0C}.Release|Any CPU.Build.0 = Release|Any CPU
		{8186A3B9-2CFC-3A89-A13A-642221C9EDEF}.Debug|Any CPU.ActiveCfg = Debug|Any CPU
		{8186A3B9-2CFC-3A89-A13A-642221C9EDEF}.Debug|Any CPU.Build.0 = Debug|Any CPU
		{8186A3B9-2CFC-3A89-A13A-642221C9EDEF}.Release|Any CPU.ActiveCfg = Release|Any CPU
		{8186A3B9-2CFC-3A89-A13A-642221C9EDEF}.Release|Any CPU.Build.0 = Release|Any CPU
		{4AC71847-7374-A1C6-5A63-DC9C38604A18}.Debug|Any CPU.ActiveCfg = Debug|Any CPU
		{4AC71847-7374-A1C6-5A63-DC9C38604A18}.Debug|Any CPU.Build.0 = Debug|Any CPU
		{4AC71847-7374-A1C6-5A63-DC9C38604A18}.Release|Any CPU.ActiveCfg = Release|Any CPU
		{4AC71847-7374-A1C6-5A63-DC9C38604A18}.Release|Any CPU.Build.0 = Release|Any CPU
		{596D5843-5398-514B-1FBB-AF86587DB290}.Debug|Any CPU.ActiveCfg = Debug|Any CPU
		{596D5843-5398-514B-1FBB-AF86587DB290}.Debug|Any CPU.Build.0 = Debug|Any CPU
		{596D5843-5398-514B-1FBB-AF86587DB290}.Release|Any CPU.ActiveCfg = Release|Any CPU
		{596D5843-5398-514B-1FBB-AF86587DB290}.Release|Any CPU.Build.0 = Release|Any CPU
		{97AF5810-523C-41B1-B81C-7E4BCCB9E686}.Debug|Any CPU.ActiveCfg = Debug|Any CPU
		{97AF5810-523C-41B1-B81C-7E4BCCB9E686}.Debug|Any CPU.Build.0 = Debug|Any CPU
		{97AF5810-523C-41B1-B81C-7E4BCCB9E686}.Release|Any CPU.ActiveCfg = Release|Any CPU
		{97AF5810-523C-41B1-B81C-7E4BCCB9E686}.Release|Any CPU.Build.0 = Release|Any CPU
		{CB72F992-70CB-488D-8D9C-BB6708FE5E93}.Debug|Any CPU.ActiveCfg = Debug|Any CPU
		{CB72F992-70CB-488D-8D9C-BB6708FE5E93}.Debug|Any CPU.Build.0 = Debug|Any CPU
		{CB72F992-70CB-488D-8D9C-BB6708FE5E93}.Release|Any CPU.ActiveCfg = Release|Any CPU
		{CB72F992-70CB-488D-8D9C-BB6708FE5E93}.Release|Any CPU.Build.0 = Release|Any CPU
	EndGlobalSection
	GlobalSection(SolutionProperties) = preSolution
		HideSolutionNode = FALSE
	EndGlobalSection
	GlobalSection(NestedProjects) = preSolution
		{FE9CED3F-83D8-43DA-BB05-93F5807F746E} = {A0FAE66D-5574-463E-8723-E28ECEE565EE}
		{AEA2C975-E99C-4E44-B121-0CF3D4956732} = {A3976FBB-F37A-4468-955D-8B2FCC79ACD0}
		{ABC1CAE6-C4A2-42AB-8F24-9A32299CC512} = {1CF88BCF-544C-463E-A639-594ADE0A9F15}
		{3122077F-A7F9-4212-97D9-868217EF9D1C} = {A2CF3320-C42E-44F5-B88A-2CC29EFB9460}
		{7B8D8836-126D-4F12-AF45-7D5414F58850} = {3122077F-A7F9-4212-97D9-868217EF9D1C}
		{4E6BDC28-D997-43B7-B0DE-C676636669FE} = {3122077F-A7F9-4212-97D9-868217EF9D1C}
		{D6F7155D-4BB7-4251-8C92-795F8A9F332D} = {A2CF3320-C42E-44F5-B88A-2CC29EFB9460}
		{02EA681E-C7D8-13C7-8484-4AC65E1B71E8} = {A0FAE66D-5574-463E-8723-E28ECEE565EE}
		{48F53C5D-3234-48F1-9793-1BF699E1317D} = {02EA681E-C7D8-13C7-8484-4AC65E1B71E8}
		{FCA838A0-6478-4D67-9B7A-F69F89B23053} = {A3976FBB-F37A-4468-955D-8B2FCC79ACD0}
		{CD76FD64-F107-4FCD-7329-92B78DCF6EEE} = {FCA838A0-6478-4D67-9B7A-F69F89B23053}
		{20EE1B69-6E7F-41BE-8B35-8ED159E2A2F5} = {A0FAE66D-5574-463E-8723-E28ECEE565EE}
		{47C19053-C388-B519-33D8-B1D61022528A} = {20EE1B69-6E7F-41BE-8B35-8ED159E2A2F5}
		{AE4C3FEB-6459-4169-8CB8-86B8CFBEE8CE} = {A3976FBB-F37A-4468-955D-8B2FCC79ACD0}
		{9C5426D2-99FC-D490-CBFA-B3022A953E0C} = {AE4C3FEB-6459-4169-8CB8-86B8CFBEE8CE}
		{A945B0FD-90F7-4609-92CC-0D61BD9D07AC} = {83E6C753-C4C4-4C4E-8627-E9077F557159}
		{8186A3B9-2CFC-3A89-A13A-642221C9EDEF} = {A945B0FD-90F7-4609-92CC-0D61BD9D07AC}
		{4AC71847-7374-A1C6-5A63-DC9C38604A18} = {A945B0FD-90F7-4609-92CC-0D61BD9D07AC}
		{596D5843-5398-514B-1FBB-AF86587DB290} = {A945B0FD-90F7-4609-92CC-0D61BD9D07AC}
		{60545FAA-D618-49CA-93DB-8DDB487AE107} = {A0FAE66D-5574-463E-8723-E28ECEE565EE}
		{97AF5810-523C-41B1-B81C-7E4BCCB9E686} = {60545FAA-D618-49CA-93DB-8DDB487AE107}
		{B45CDBEE-9199-4174-BE11-5D14262BE61A} = {A3976FBB-F37A-4468-955D-8B2FCC79ACD0}
		{CB72F992-70CB-488D-8D9C-BB6708FE5E93} = {B45CDBEE-9199-4174-BE11-5D14262BE61A}
	EndGlobalSection
	GlobalSection(ExtensibilityGlobals) = postSolution
		SolutionGuid = {251D5A13-6C1B-4B0D-A6F5-3B95FF4C0F54}
	EndGlobalSection
EndGlobal
